
Microsoft Visual Studio Solution File, Format Version 12.00
# Visual Studio Version 16
VisualStudioVersion = 16.0.30711.63
MinimumVisualStudioVersion = 10.0.40219.1
Project("{FAE04EC0-301F-11D3-BF4B-00C04F79EFBC}") = "SistemaDeCobrancas", "SistemaDeCobrancas\SistemaDeCobrancas.csproj", "{1A0EC296-6C40-47E5-824D-1DCBDDDB729A}"
EndProject
Global
	GlobalSection(SolutionConfigurationPlatforms) = preSolution
		Debug|Any CPU = Debug|Any CPU
		Release|Any CPU = Release|Any CPU
	EndGlobalSection
	GlobalSection(ProjectConfigurationPlatforms) = postSolution
		{1A0EC296-6C40-47E5-824D-1DCBDDDB729A}.Debug|Any CPU.ActiveCfg = Debug|Any CPU
		{1A0EC296-6C40-47E5-824D-1DCBDDDB729A}.Debug|Any CPU.Build.0 = Debug|Any CPU
		{1A0EC296-6C40-47E5-824D-1DCBDDDB729A}.Release|Any CPU.ActiveCfg = Release|Any CPU
		{1A0EC296-6C40-47E5-824D-1DCBDDDB729A}.Release|Any CPU.Build.0 = Release|Any CPU
	EndGlobalSection
	GlobalSection(SolutionProperties) = preSolution
		HideSolutionNode = FALSE
	EndGlobalSection
	GlobalSection(ExtensibilityGlobals) = postSolution
		SolutionGuid = {2AD14256-68F7-4E41-9A68-CA69F7245AFE}
	EndGlobalSection
EndGlobal
