
Microsoft Visual Studio Solution File, Format Version 12.00
# Visual Studio Version 16
VisualStudioVersion = 16.0.30711.63
MinimumVisualStudioVersion = 10.0.40219.1
Project("{FAE04EC0-301F-11D3-BF4B-00C04F79EFBC}") = "Composicao", "Composicao\Composicao.csproj", "{F4900B34-71AD-4478-91BF-A0B1FEF8428B}"
EndProject
Global
	GlobalSection(SolutionConfigurationPlatforms) = preSolution
		Debug|Any CPU = Debug|Any CPU
		Release|Any CPU = Release|Any CPU
	EndGlobalSection
	GlobalSection(ProjectConfigurationPlatforms) = postSolution
		{F4900B34-71AD-4478-91BF-A0B1FEF8428B}.Debug|Any CPU.ActiveCfg = Debug|Any CPU
		{F4900B34-71AD-4478-91BF-A0B1FEF8428B}.Debug|Any CPU.Build.0 = Debug|Any CPU
		{F4900B34-71AD-4478-91BF-A0B1FEF8428B}.Release|Any CPU.ActiveCfg = Release|Any CPU
		{F4900B34-71AD-4478-91BF-A0B1FEF8428B}.Release|Any CPU.Build.0 = Release|Any CPU
	EndGlobalSection
	GlobalSection(SolutionProperties) = preSolution
		HideSolutionNode = FALSE
	EndGlobalSection
	GlobalSection(ExtensibilityGlobals) = postSolution
		SolutionGuid = {7DEDCBF2-5F6C-4526-9B6B-603EFAE88F18}
	EndGlobalSection
EndGlobal
