
Microsoft Visual Studio Solution File, Format Version 12.00
# Visual Studio Version 16
VisualStudioVersion = 16.0.30907.101
MinimumVisualStudioVersion = 10.0.40219.1
Project("{FAE04EC0-301F-11D3-BF4B-00C04F79EFBC}") = "EntityFrameworkEDAO", "EntityFrameworkEDAO\EntityFrameworkEDAO.csproj", "{E77BF963-A388-4DBD-BD7D-0F85D5ED1B45}"
EndProject
Project("{FAE04EC0-301F-11D3-BF4B-00C04F79EFBC}") = "TesteAttributes", "TesteAttributes\TesteAttributes.csproj", "{39BC4CA8-5E4F-40D6-8BB5-0D08C9C7941E}"
EndProject
Global
	GlobalSection(SolutionConfigurationPlatforms) = preSolution
		Debug|Any CPU = Debug|Any CPU
		Release|Any CPU = Release|Any CPU
	EndGlobalSection
	GlobalSection(ProjectConfigurationPlatforms) = postSolution
		{E77BF963-A388-4DBD-BD7D-0F85D5ED1B45}.Debug|Any CPU.ActiveCfg = Debug|Any CPU
		{E77BF963-A388-4DBD-BD7D-0F85D5ED1B45}.Debug|Any CPU.Build.0 = Debug|Any CPU
		{E77BF963-A388-4DBD-BD7D-0F85D5ED1B45}.Release|Any CPU.ActiveCfg = Release|Any CPU
		{E77BF963-A388-4DBD-BD7D-0F85D5ED1B45}.Release|Any CPU.Build.0 = Release|Any CPU
		{39BC4CA8-5E4F-40D6-8BB5-0D08C9C7941E}.Debug|Any CPU.ActiveCfg = Debug|Any CPU
		{39BC4CA8-5E4F-40D6-8BB5-0D08C9C7941E}.Debug|Any CPU.Build.0 = Debug|Any CPU
		{39BC4CA8-5E4F-40D6-8BB5-0D08C9C7941E}.Release|Any CPU.ActiveCfg = Release|Any CPU
		{39BC4CA8-5E4F-40D6-8BB5-0D08C9C7941E}.Release|Any CPU.Build.0 = Release|Any CPU
	EndGlobalSection
	GlobalSection(SolutionProperties) = preSolution
		HideSolutionNode = FALSE
	EndGlobalSection
	GlobalSection(ExtensibilityGlobals) = postSolution
		SolutionGuid = {21BF7B96-F011-4FF9-A250-0B9B789667DA}
	EndGlobalSection
EndGlobal
